
Microsoft Visual Studio Solution File, Format Version 12.00
# Visual Studio Version 16
VisualStudioVersion = 16.0.31702.278
MinimumVisualStudioVersion = 10.0.40219.1
Project("{FAE04EC0-301F-11D3-BF4B-00C04F79EFBC}") = "Laba01_Lipinskiy", "Laba01_Lipinskiy\Laba01_Lipinskiy.csproj", "{747A13E6-232E-470F-AF7D-98F9E4194643}"
EndProject
Global
	GlobalSection(SolutionConfigurationPlatforms) = preSolution
		Debug|Any CPU = Debug|Any CPU
		Release|Any CPU = Release|Any CPU
	EndGlobalSection
	GlobalSection(ProjectConfigurationPlatforms) = postSolution
		{747A13E6-232E-470F-AF7D-98F9E4194643}.Debug|Any CPU.ActiveCfg = Debug|Any CPU
		{747A13E6-232E-470F-AF7D-98F9E4194643}.Debug|Any CPU.Build.0 = Debug|Any CPU
		{747A13E6-232E-470F-AF7D-98F9E4194643}.Release|Any CPU.ActiveCfg = Release|Any CPU
		{747A13E6-232E-470F-AF7D-98F9E4194643}.Release|Any CPU.Build.0 = Release|Any CPU
	EndGlobalSection
	GlobalSection(SolutionProperties) = preSolution
		HideSolutionNode = FALSE
	EndGlobalSection
	GlobalSection(ExtensibilityGlobals) = postSolution
		SolutionGuid = {68F52C21-567E-46A4-B55A-D9C8EEC6D287}
	EndGlobalSection
EndGlobal
